// !$*UTF8*$!
{
	archiveVersion = 1;
	classes = {
	};
	objectVersion = 46;
	objects = {

/* Begin PBXBuildFile section */
		C96DB60E1B4E948B00114622 /* ViewController.m in Sources */ = {isa = PBXBuildFile; fileRef = C96DB60D1B4E948B00114622 /* ViewController.m */; };
		C96DB6151B4E951500114622 /* Main.storyboard in Resources */ = {isa = PBXBuildFile; fileRef = C96DB6141B4E951500114622 /* Main.storyboard */; };
		C96DB62D1B4E964300114622 /* Random.m in Sources */ = {isa = PBXBuildFile; fileRef = C96DB62A1B4E964300114622 /* Random.m */; };
		C9D3F3A41B0B459900313035 /* MyWeiboTests.m in Sources */ = {isa = PBXBuildFile; fileRef = C9D3F3A31B0B459900313035 /* MyWeiboTests.m */; };
		C9D3F4331B0B681100313035 /* AppDelegate.m in Sources */ = {isa = PBXBuildFile; fileRef = C9D3F4231B0B681100313035 /* AppDelegate.m */; };
		C9D3F4341B0B681100313035 /* LaunchScreen.xib in Resources */ = {isa = PBXBuildFile; fileRef = C9D3F4241B0B681100313035 /* LaunchScreen.xib */; };
		C9D3F4361B0B681100313035 /* Images.xcassets in Resources */ = {isa = PBXBuildFile; fileRef = C9D3F4281B0B681100313035 /* Images.xcassets */; };
		C9D3F4371B0B681100313035 /* Info.plist in Resources */ = {isa = PBXBuildFile; fileRef = C9D3F4291B0B681100313035 /* Info.plist */; };
		C9D3F43B1B0B681100313035 /* NewTableViewCell.m in Sources */ = {isa = PBXBuildFile; fileRef = C9D3F4301B0B681100313035 /* NewTableViewCell.m */; };
		C9D3F43F1B0B68F500313035 /* main.m in Sources */ = {isa = PBXBuildFile; fileRef = C9D3F43E1B0B68F500313035 /* main.m */; };
		C9D3F44C1B0B699700313035 /* FMDatabase.m in Sources */ = {isa = PBXBuildFile; fileRef = C9D3F4421B0B699700313035 /* FMDatabase.m */; };
		C9D3F44D1B0B699700313035 /* FMDatabaseAdditions.m in Sources */ = {isa = PBXBuildFile; fileRef = C9D3F4441B0B699700313035 /* FMDatabaseAdditions.m */; };
		C9D3F44E1B0B699700313035 /* FMDatabasePool.m in Sources */ = {isa = PBXBuildFile; fileRef = C9D3F4461B0B699700313035 /* FMDatabasePool.m */; };
		C9D3F44F1B0B699700313035 /* FMDatabaseQueue.m in Sources */ = {isa = PBXBuildFile; fileRef = C9D3F4481B0B699700313035 /* FMDatabaseQueue.m */; };
		C9D3F4501B0B699700313035 /* FMResultSet.m in Sources */ = {isa = PBXBuildFile; fileRef = C9D3F44B1B0B699700313035 /* FMResultSet.m */; };
		C9D3F4541B0B742200313035 /* libsqlite3.dylib in Frameworks */ = {isa = PBXBuildFile; fileRef = C9D3F4531B0B742200313035 /* libsqlite3.dylib */; };
		C9EF2CDC1B52512E0099983A /* NewCell.xib in Resources */ = {isa = PBXBuildFile; fileRef = C9EF2CDB1B52512E0099983A /* NewCell.xib */; };
		C9EF2D291B52802D0099983A /* NSArray+Assemble.m in Sources */ = {isa = PBXBuildFile; fileRef = C9EF2D221B52802D0099983A /* NSArray+Assemble.m */; };
		C9EF2D2A1B52802D0099983A /* NSDictionary+Assemble.m in Sources */ = {isa = PBXBuildFile; fileRef = C9EF2D241B52802D0099983A /* NSDictionary+Assemble.m */; };
		C9EF2D2B1B52802D0099983A /* NSString+Format.m in Sources */ = {isa = PBXBuildFile; fileRef = C9EF2D261B52802D0099983A /* NSString+Format.m */; };
		C9EF2D2C1B52802D0099983A /* NSDate+Assemble.m in Sources */ = {isa = PBXBuildFile; fileRef = C9EF2D281B52802D0099983A /* NSDate+Assemble.m */; };
		C9EF2D2F1B5280360099983A /* DBManager.m in Sources */ = {isa = PBXBuildFile; fileRef = C9EF2D2E1B5280360099983A /* DBManager.m */; };
		C9EF2D321B5281AC0099983A /* MyWeiboData.m in Sources */ = {isa = PBXBuildFile; fileRef = C9EF2D311B5281AC0099983A /* MyWeiboData.m */; };
		C9EF2D351B5283E50099983A /* DocumentAccess.m in Sources */ = {isa = PBXBuildFile; fileRef = C9EF2D341B5283E50099983A /* DocumentAccess.m */; };
		C9EF2D381B5289680099983A /* NewsTableViewController.m in Sources */ = {isa = PBXBuildFile; fileRef = C9EF2D371B5289680099983A /* NewsTableViewController.m */; };
		C9EF2D3B1B528C290099983A /* NewsModel.m in Sources */ = {isa = PBXBuildFile; fileRef = C9EF2D3A1B528C290099983A /* NewsModel.m */; };
		C9EF2D3E1B52A9B00099983A /* ImagesModel.m in Sources */ = {isa = PBXBuildFile; fileRef = C9EF2D3D1B52A9B00099983A /* ImagesModel.m */; };
		C9EF2D411B52B9630099983A /* UserModel.m in Sources */ = {isa = PBXBuildFile; fileRef = C9EF2D401B52B9630099983A /* UserModel.m */; };
		C9EF2D441B52C9AA0099983A /* InitialNews.m in Sources */ = {isa = PBXBuildFile; fileRef = C9EF2D431B52C9AA0099983A /* InitialNews.m */; };
/* End PBXBuildFile section */

/* Begin PBXContainerItemProxy section */
		C9D3F39E1B0B459900313035 /* PBXContainerItemProxy */ = {
			isa = PBXContainerItemProxy;
			containerPortal = C9D3F37C1B0B459900313035 /* Project object */;
			proxyType = 1;
			remoteGlobalIDString = C9D3F3831B0B459900313035;
			remoteInfo = MyWeibo;
		};
/* End PBXContainerItemProxy section */

/* Begin PBXFileReference section */
		C96DB60C1B4E948B00114622 /* ViewController.h */ = {isa = PBXFileReference; fileEncoding = 4; lastKnownFileType = sourcecode.c.h; path = ViewController.h; sourceTree = "<group>"; };
		C96DB60D1B4E948B00114622 /* ViewController.m */ = {isa = PBXFileReference; fileEncoding = 4; lastKnownFileType = sourcecode.c.objc; path = ViewController.m; sourceTree = "<group>"; };
		C96DB6141B4E951500114622 /* Main.storyboard */ = {isa = PBXFileReference; fileEncoding = 4; lastKnownFileType = file.storyboard; path = Main.storyboard; sourceTree = "<group>"; };
		C96DB6291B4E964300114622 /* Random.h */ = {isa = PBXFileReference; fileEncoding = 4; lastKnownFileType = sourcecode.c.h; name = Random.h; path = MyWeibo/Random.h; sourceTree = "<group>"; };
		C96DB62A1B4E964300114622 /* Random.m */ = {isa = PBXFileReference; fileEncoding = 4; lastKnownFileType = sourcecode.c.objc; name = Random.m; path = MyWeibo/Random.m; sourceTree = "<group>"; };
		C9D3F3841B0B459900313035 /* MyWeibo.app */ = {isa = PBXFileReference; explicitFileType = wrapper.application; includeInIndex = 0; path = MyWeibo.app; sourceTree = BUILT_PRODUCTS_DIR; };
		C9D3F39D1B0B459900313035 /* MyWeiboTests.xctest */ = {isa = PBXFileReference; explicitFileType = wrapper.cfbundle; includeInIndex = 0; path = MyWeiboTests.xctest; sourceTree = BUILT_PRODUCTS_DIR; };
		C9D3F3A21B0B459900313035 /* Info.plist */ = {isa = PBXFileReference; lastKnownFileType = text.plist.xml; path = Info.plist; sourceTree = "<group>"; };
		C9D3F3A31B0B459900313035 /* MyWeiboTests.m */ = {isa = PBXFileReference; lastKnownFileType = sourcecode.c.objc; path = MyWeiboTests.m; sourceTree = "<group>"; };
		C9D3F4221B0B681100313035 /* AppDelegate.h */ = {isa = PBXFileReference; fileEncoding = 4; lastKnownFileType = sourcecode.c.h; path = AppDelegate.h; sourceTree = "<group>"; };
		C9D3F4231B0B681100313035 /* AppDelegate.m */ = {isa = PBXFileReference; fileEncoding = 4; lastKnownFileType = sourcecode.c.objc; path = AppDelegate.m; sourceTree = "<group>"; };
		C9D3F4251B0B681100313035 /* Base */ = {isa = PBXFileReference; lastKnownFileType = file.xib; name = Base; path = Base.lproj/LaunchScreen.xib; sourceTree = "<group>"; };
		C9D3F4281B0B681100313035 /* Images.xcassets */ = {isa = PBXFileReference; lastKnownFileType = folder.assetcatalog; path = Images.xcassets; sourceTree = "<group>"; };
		C9D3F4291B0B681100313035 /* Info.plist */ = {isa = PBXFileReference; fileEncoding = 4; lastKnownFileType = text.plist.xml; path = Info.plist; sourceTree = "<group>"; };
		C9D3F42F1B0B681100313035 /* NewTableViewCell.h */ = {isa = PBXFileReference; fileEncoding = 4; lastKnownFileType = sourcecode.c.h; path = NewTableViewCell.h; sourceTree = "<group>"; };
		C9D3F4301B0B681100313035 /* NewTableViewCell.m */ = {isa = PBXFileReference; fileEncoding = 4; lastKnownFileType = sourcecode.c.objc; path = NewTableViewCell.m; sourceTree = "<group>"; };
		C9D3F43E1B0B68F500313035 /* main.m */ = {isa = PBXFileReference; fileEncoding = 4; lastKnownFileType = sourcecode.c.objc; path = main.m; sourceTree = "<group>"; };
		C9D3F4411B0B699700313035 /* FMDatabase.h */ = {isa = PBXFileReference; fileEncoding = 4; lastKnownFileType = sourcecode.c.h; path = FMDatabase.h; sourceTree = "<group>"; };
		C9D3F4421B0B699700313035 /* FMDatabase.m */ = {isa = PBXFileReference; fileEncoding = 4; lastKnownFileType = sourcecode.c.objc; path = FMDatabase.m; sourceTree = "<group>"; };
		C9D3F4431B0B699700313035 /* FMDatabaseAdditions.h */ = {isa = PBXFileReference; fileEncoding = 4; lastKnownFileType = sourcecode.c.h; path = FMDatabaseAdditions.h; sourceTree = "<group>"; };
		C9D3F4441B0B699700313035 /* FMDatabaseAdditions.m */ = {isa = PBXFileReference; fileEncoding = 4; lastKnownFileType = sourcecode.c.objc; path = FMDatabaseAdditions.m; sourceTree = "<group>"; };
		C9D3F4451B0B699700313035 /* FMDatabasePool.h */ = {isa = PBXFileReference; fileEncoding = 4; lastKnownFileType = sourcecode.c.h; path = FMDatabasePool.h; sourceTree = "<group>"; };
		C9D3F4461B0B699700313035 /* FMDatabasePool.m */ = {isa = PBXFileReference; fileEncoding = 4; lastKnownFileType = sourcecode.c.objc; path = FMDatabasePool.m; sourceTree = "<group>"; };
		C9D3F4471B0B699700313035 /* FMDatabaseQueue.h */ = {isa = PBXFileReference; fileEncoding = 4; lastKnownFileType = sourcecode.c.h; path = FMDatabaseQueue.h; sourceTree = "<group>"; };
		C9D3F4481B0B699700313035 /* FMDatabaseQueue.m */ = {isa = PBXFileReference; fileEncoding = 4; lastKnownFileType = sourcecode.c.objc; path = FMDatabaseQueue.m; sourceTree = "<group>"; };
		C9D3F4491B0B699700313035 /* FMDB.h */ = {isa = PBXFileReference; fileEncoding = 4; lastKnownFileType = sourcecode.c.h; path = FMDB.h; sourceTree = "<group>"; };
		C9D3F44A1B0B699700313035 /* FMResultSet.h */ = {isa = PBXFileReference; fileEncoding = 4; lastKnownFileType = sourcecode.c.h; path = FMResultSet.h; sourceTree = "<group>"; };
		C9D3F44B1B0B699700313035 /* FMResultSet.m */ = {isa = PBXFileReference; fileEncoding = 4; lastKnownFileType = sourcecode.c.objc; path = FMResultSet.m; sourceTree = "<group>"; };
		C9D3F4531B0B742200313035 /* libsqlite3.dylib */ = {isa = PBXFileReference; lastKnownFileType = "compiled.mach-o.dylib"; name = libsqlite3.dylib; path = usr/lib/libsqlite3.dylib; sourceTree = SDKROOT; };
		C9EF2CDB1B52512E0099983A /* NewCell.xib */ = {isa = PBXFileReference; fileEncoding = 4; lastKnownFileType = file.xib; path = NewCell.xib; sourceTree = "<group>"; };
		C9EF2D211B52802D0099983A /* NSArray+Assemble.h */ = {isa = PBXFileReference; fileEncoding = 4; lastKnownFileType = sourcecode.c.h; path = "NSArray+Assemble.h"; sourceTree = "<group>"; };
		C9EF2D221B52802D0099983A /* NSArray+Assemble.m */ = {isa = PBXFileReference; fileEncoding = 4; lastKnownFileType = sourcecode.c.objc; path = "NSArray+Assemble.m"; sourceTree = "<group>"; };
		C9EF2D231B52802D0099983A /* NSDictionary+Assemble.h */ = {isa = PBXFileReference; fileEncoding = 4; lastKnownFileType = sourcecode.c.h; path = "NSDictionary+Assemble.h"; sourceTree = "<group>"; };
		C9EF2D241B52802D0099983A /* NSDictionary+Assemble.m */ = {isa = PBXFileReference; fileEncoding = 4; lastKnownFileType = sourcecode.c.objc; path = "NSDictionary+Assemble.m"; sourceTree = "<group>"; };
		C9EF2D251B52802D0099983A /* NSString+Format.h */ = {isa = PBXFileReference; fileEncoding = 4; lastKnownFileType = sourcecode.c.h; path = "NSString+Format.h"; sourceTree = "<group>"; };
		C9EF2D261B52802D0099983A /* NSString+Format.m */ = {isa = PBXFileReference; fileEncoding = 4; lastKnownFileType = sourcecode.c.objc; path = "NSString+Format.m"; sourceTree = "<group>"; };
		C9EF2D271B52802D0099983A /* NSDate+Assemble.h */ = {isa = PBXFileReference; fileEncoding = 4; lastKnownFileType = sourcecode.c.h; path = "NSDate+Assemble.h"; sourceTree = "<group>"; };
		C9EF2D281B52802D0099983A /* NSDate+Assemble.m */ = {isa = PBXFileReference; fileEncoding = 4; lastKnownFileType = sourcecode.c.objc; path = "NSDate+Assemble.m"; sourceTree = "<group>"; };
		C9EF2D2D1B5280360099983A /* DBManager.h */ = {isa = PBXFileReference; fileEncoding = 4; lastKnownFileType = sourcecode.c.h; path = DBManager.h; sourceTree = "<group>"; };
		C9EF2D2E1B5280360099983A /* DBManager.m */ = {isa = PBXFileReference; fileEncoding = 4; lastKnownFileType = sourcecode.c.objc; path = DBManager.m; sourceTree = "<group>"; };
		C9EF2D301B5281AC0099983A /* MyWeiboData.h */ = {isa = PBXFileReference; fileEncoding = 4; lastKnownFileType = sourcecode.c.h; path = MyWeiboData.h; sourceTree = "<group>"; };
		C9EF2D311B5281AC0099983A /* MyWeiboData.m */ = {isa = PBXFileReference; fileEncoding = 4; lastKnownFileType = sourcecode.c.objc; path = MyWeiboData.m; sourceTree = "<group>"; };
		C9EF2D331B5283E50099983A /* DocumentAccess.h */ = {isa = PBXFileReference; fileEncoding = 4; lastKnownFileType = sourcecode.c.h; name = DocumentAccess.h; path = MyWeibo/DocumentAccess.h; sourceTree = "<group>"; };
		C9EF2D341B5283E50099983A /* DocumentAccess.m */ = {isa = PBXFileReference; fileEncoding = 4; lastKnownFileType = sourcecode.c.objc; name = DocumentAccess.m; path = MyWeibo/DocumentAccess.m; sourceTree = "<group>"; };
		C9EF2D361B5289680099983A /* NewsTableViewController.h */ = {isa = PBXFileReference; fileEncoding = 4; lastKnownFileType = sourcecode.c.h; path = NewsTableViewController.h; sourceTree = "<group>"; };
		C9EF2D371B5289680099983A /* NewsTableViewController.m */ = {isa = PBXFileReference; fileEncoding = 4; lastKnownFileType = sourcecode.c.objc; path = NewsTableViewController.m; sourceTree = "<group>"; };
		C9EF2D391B528C290099983A /* NewsModel.h */ = {isa = PBXFileReference; fileEncoding = 4; lastKnownFileType = sourcecode.c.h; path = NewsModel.h; sourceTree = "<group>"; };
		C9EF2D3A1B528C290099983A /* NewsModel.m */ = {isa = PBXFileReference; fileEncoding = 4; lastKnownFileType = sourcecode.c.objc; path = NewsModel.m; sourceTree = "<group>"; };
		C9EF2D3C1B52A9B00099983A /* ImagesModel.h */ = {isa = PBXFileReference; fileEncoding = 4; lastKnownFileType = sourcecode.c.h; path = ImagesModel.h; sourceTree = "<group>"; };
		C9EF2D3D1B52A9B00099983A /* ImagesModel.m */ = {isa = PBXFileReference; fileEncoding = 4; lastKnownFileType = sourcecode.c.objc; path = ImagesModel.m; sourceTree = "<group>"; };
		C9EF2D3F1B52B9630099983A /* UserModel.h */ = {isa = PBXFileReference; fileEncoding = 4; lastKnownFileType = sourcecode.c.h; path = UserModel.h; sourceTree = "<group>"; };
		C9EF2D401B52B9630099983A /* UserModel.m */ = {isa = PBXFileReference; fileEncoding = 4; lastKnownFileType = sourcecode.c.objc; path = UserModel.m; sourceTree = "<group>"; };
		C9EF2D421B52C9A90099983A /* InitialNews.h */ = {isa = PBXFileReference; fileEncoding = 4; lastKnownFileType = sourcecode.c.h; name = InitialNews.h; path = MyWeibo/InitialNews.h; sourceTree = "<group>"; };
		C9EF2D431B52C9AA0099983A /* InitialNews.m */ = {isa = PBXFileReference; fileEncoding = 4; lastKnownFileType = sourcecode.c.objc; name = InitialNews.m; path = MyWeibo/InitialNews.m; sourceTree = "<group>"; };
/* End PBXFileReference section */

/* Begin PBXFrameworksBuildPhase section */
		C9D3F3811B0B459900313035 /* Frameworks */ = {
			isa = PBXFrameworksBuildPhase;
			buildActionMask = 2147483647;
			files = (
				C9D3F4541B0B742200313035 /* libsqlite3.dylib in Frameworks */,
			);
			runOnlyForDeploymentPostprocessing = 0;
		};
		C9D3F39A1B0B459900313035 /* Frameworks */ = {
			isa = PBXFrameworksBuildPhase;
			buildActionMask = 2147483647;
			files = (
			);
			runOnlyForDeploymentPostprocessing = 0;
		};
/* End PBXFrameworksBuildPhase section */

/* Begin PBXGroup section */
		C96DB6161B4E955500114622 /* Utils */ = {
			isa = PBXGroup;
			children = (
				C9D3F4401B0B699700313035 /* fmdb */,
				C9EF2D111B527FB70099983A /* CateGroies */,
				C9EF2D101B527FAE0099983A /* DateBase */,
				C9EF2D0F1B527F9F0099983A /* Kits */,
				C9EF2D301B5281AC0099983A /* MyWeiboData.h */,
				C9EF2D311B5281AC0099983A /* MyWeiboData.m */,
				C9EF2D421B52C9A90099983A /* InitialNews.h */,
				C9EF2D431B52C9AA0099983A /* InitialNews.m */,
			);
			name = Utils;
			path = ..;
			sourceTree = "<group>";
		};
		C96DB62E1B4E969600114622 /* Model */ = {
			isa = PBXGroup;
			children = (
				C9EF2D391B528C290099983A /* NewsModel.h */,
				C9EF2D3A1B528C290099983A /* NewsModel.m */,
				C9EF2D3C1B52A9B00099983A /* ImagesModel.h */,
				C9EF2D3D1B52A9B00099983A /* ImagesModel.m */,
				C9EF2D3F1B52B9630099983A /* UserModel.h */,
				C9EF2D401B52B9630099983A /* UserModel.m */,
			);
			name = Model;
			sourceTree = "<group>";
		};
		C9D3F37B1B0B459900313035 = {
			isa = PBXGroup;
			children = (
				C9D3F4531B0B742200313035 /* libsqlite3.dylib */,
				C9D3F4211B0B681000313035 /* MyWeibo */,
				C9D3F3A01B0B459900313035 /* MyWeiboTests */,
				C9D3F3851B0B459900313035 /* Products */,
			);
			sourceTree = "<group>";
		};
		C9D3F3851B0B459900313035 /* Products */ = {
			isa = PBXGroup;
			children = (
				C9D3F3841B0B459900313035 /* MyWeibo.app */,
				C9D3F39D1B0B459900313035 /* MyWeiboTests.xctest */,
			);
			name = Products;
			sourceTree = "<group>";
		};
		C9D3F3A01B0B459900313035 /* MyWeiboTests */ = {
			isa = PBXGroup;
			children = (
				C9D3F3A31B0B459900313035 /* MyWeiboTests.m */,
				C9D3F3A11B0B459900313035 /* Supporting Files */,
			);
			path = MyWeiboTests;
			sourceTree = "<group>";
		};
		C9D3F3A11B0B459900313035 /* Supporting Files */ = {
			isa = PBXGroup;
			children = (
				C9D3F3A21B0B459900313035 /* Info.plist */,
			);
			name = "Supporting Files";
			sourceTree = "<group>";
		};
		C9D3F4211B0B681000313035 /* MyWeibo */ = {
			isa = PBXGroup;
			children = (
				C9D3F4221B0B681100313035 /* AppDelegate.h */,
				C9D3F4231B0B681100313035 /* AppDelegate.m */,
				C96DB62E1B4E969600114622 /* Model */,
				C9D3F4521B0B69C100313035 /* Controller */,
				C9D3F4511B0B69B300313035 /* View */,
				C96DB6161B4E955500114622 /* Utils */,
				C9D3F4281B0B681100313035 /* Images.xcassets */,
				C9D3F43D1B0B68C000313035 /* Supporting Files */,
			);
			path = MyWeibo;
			sourceTree = "<group>";
		};
		C9D3F43D1B0B68C000313035 /* Supporting Files */ = {
			isa = PBXGroup;
			children = (
				C9D3F4291B0B681100313035 /* Info.plist */,
				C9D3F43E1B0B68F500313035 /* main.m */,
			);
			name = "Supporting Files";
			sourceTree = "<group>";
		};
		C9D3F4401B0B699700313035 /* fmdb */ = {
			isa = PBXGroup;
			children = (
				C9D3F4411B0B699700313035 /* FMDatabase.h */,
				C9D3F4421B0B699700313035 /* FMDatabase.m */,
				C9D3F4431B0B699700313035 /* FMDatabaseAdditions.h */,
				C9D3F4441B0B699700313035 /* FMDatabaseAdditions.m */,
				C9D3F4451B0B699700313035 /* FMDatabasePool.h */,
				C9D3F4461B0B699700313035 /* FMDatabasePool.m */,
				C9D3F4471B0B699700313035 /* FMDatabaseQueue.h */,
				C9D3F4481B0B699700313035 /* FMDatabaseQueue.m */,
				C9D3F4491B0B699700313035 /* FMDB.h */,
				C9D3F44A1B0B699700313035 /* FMResultSet.h */,
				C9D3F44B1B0B699700313035 /* FMResultSet.m */,
			);
			path = fmdb;
			sourceTree = "<group>";
		};
		C9D3F4511B0B69B300313035 /* View */ = {
			isa = PBXGroup;
			children = (
				C9EF2CDB1B52512E0099983A /* NewCell.xib */,
				C96DB6141B4E951500114622 /* Main.storyboard */,
				C9D3F4241B0B681100313035 /* LaunchScreen.xib */,
				C9D3F42F1B0B681100313035 /* NewTableViewCell.h */,
				C9D3F4301B0B681100313035 /* NewTableViewCell.m */,
			);
			name = View;
			sourceTree = "<group>";
		};
		C9D3F4521B0B69C100313035 /* Controller */ = {
			isa = PBXGroup;
			children = (
				C96DB60C1B4E948B00114622 /* ViewController.h */,
				C96DB60D1B4E948B00114622 /* ViewController.m */,
				C9EF2D361B5289680099983A /* NewsTableViewController.h */,
				C9EF2D371B5289680099983A /* NewsTableViewController.m */,
			);
			name = Controller;
			sourceTree = "<group>";
		};
		C9EF2D0F1B527F9F0099983A /* Kits */ = {
			isa = PBXGroup;
			children = (
				C96DB6291B4E964300114622 /* Random.h */,
				C96DB62A1B4E964300114622 /* Random.m */,
				C9EF2D331B5283E50099983A /* DocumentAccess.h */,
				C9EF2D341B5283E50099983A /* DocumentAccess.m */,
			);
			name = Kits;
			sourceTree = "<group>";
		};
		C9EF2D101B527FAE0099983A /* DateBase */ = {
			isa = PBXGroup;
			children = (
				C9EF2D2D1B5280360099983A /* DBManager.h */,
				C9EF2D2E1B5280360099983A /* DBManager.m */,
			);
			name = DateBase;
			sourceTree = "<group>";
		};
		C9EF2D111B527FB70099983A /* CateGroies */ = {
			isa = PBXGroup;
			children = (
				C9EF2D211B52802D0099983A /* NSArray+Assemble.h */,
				C9EF2D221B52802D0099983A /* NSArray+Assemble.m */,
				C9EF2D231B52802D0099983A /* NSDictionary+Assemble.h */,
				C9EF2D241B52802D0099983A /* NSDictionary+Assemble.m */,
				C9EF2D251B52802D0099983A /* NSString+Format.h */,
				C9EF2D261B52802D0099983A /* NSString+Format.m */,
				C9EF2D271B52802D0099983A /* NSDate+Assemble.h */,
				C9EF2D281B52802D0099983A /* NSDate+Assemble.m */,
			);
			name = CateGroies;
			sourceTree = "<group>";
		};
/* End PBXGroup section */

/* Begin PBXNativeTarget section */
		C9D3F3831B0B459900313035 /* MyWeibo */ = {
			isa = PBXNativeTarget;
			buildConfigurationList = C9D3F3A71B0B459900313035 /* Build configuration list for PBXNativeTarget "MyWeibo" */;
			buildPhases = (
				C9D3F3801B0B459900313035 /* Sources */,
				C9D3F3811B0B459900313035 /* Frameworks */,
				C9D3F3821B0B459900313035 /* Resources */,
			);
			buildRules = (
			);
			dependencies = (
			);
			name = MyWeibo;
			productName = MyWeibo;
			productReference = C9D3F3841B0B459900313035 /* MyWeibo.app */;
			productType = "com.apple.product-type.application";
		};
		C9D3F39C1B0B459900313035 /* MyWeiboTests */ = {
			isa = PBXNativeTarget;
			buildConfigurationList = C9D3F3AA1B0B459900313035 /* Build configuration list for PBXNativeTarget "MyWeiboTests" */;
			buildPhases = (
				C9D3F3991B0B459900313035 /* Sources */,
				C9D3F39A1B0B459900313035 /* Frameworks */,
				C9D3F39B1B0B459900313035 /* Resources */,
			);
			buildRules = (
			);
			dependencies = (
				C9D3F39F1B0B459900313035 /* PBXTargetDependency */,
			);
			name = MyWeiboTests;
			productName = MyWeiboTests;
			productReference = C9D3F39D1B0B459900313035 /* MyWeiboTests.xctest */;
			productType = "com.apple.product-type.bundle.unit-test";
		};
/* End PBXNativeTarget section */

/* Begin PBXProject section */
		C9D3F37C1B0B459900313035 /* Project object */ = {
			isa = PBXProject;
			attributes = {
				LastUpgradeCheck = 0610;
				ORGANIZATIONNAME = NJUPT;
				TargetAttributes = {
					C9D3F3831B0B459900313035 = {
						CreatedOnToolsVersion = 6.1.1;
					};
					C9D3F39C1B0B459900313035 = {
						CreatedOnToolsVersion = 6.1.1;
						TestTargetID = C9D3F3831B0B459900313035;
					};
				};
			};
			buildConfigurationList = C9D3F37F1B0B459900313035 /* Build configuration list for PBXProject "MyWeibo" */;
			compatibilityVersion = "Xcode 3.2";
			developmentRegion = English;
			hasScannedForEncodings = 0;
			knownRegions = (
				en,
				Base,
			);
			mainGroup = C9D3F37B1B0B459900313035;
			productRefGroup = C9D3F3851B0B459900313035 /* Products */;
			projectDirPath = "";
			projectRoot = "";
			targets = (
				C9D3F3831B0B459900313035 /* MyWeibo */,
				C9D3F39C1B0B459900313035 /* MyWeiboTests */,
			);
		};
/* End PBXProject section */

/* Begin PBXResourcesBuildPhase section */
		C9D3F3821B0B459900313035 /* Resources */ = {
			isa = PBXResourcesBuildPhase;
			buildActionMask = 2147483647;
			files = (
				C9D3F4371B0B681100313035 /* Info.plist in Resources */,
				C96DB6151B4E951500114622 /* Main.storyboard in Resources */,
				C9D3F4361B0B681100313035 /* Images.xcassets in Resources */,
				C9D3F4341B0B681100313035 /* LaunchScreen.xib in Resources */,
				C9EF2CDC1B52512E0099983A /* NewCell.xib in Resources */,
			);
			runOnlyForDeploymentPostprocessing = 0;
		};
		C9D3F39B1B0B459900313035 /* Resources */ = {
			isa = PBXResourcesBuildPhase;
			buildActionMask = 2147483647;
			files = (
			);
			runOnlyForDeploymentPostprocessing = 0;
		};
/* End PBXResourcesBuildPhase section */

/* Begin PBXSourcesBuildPhase section */
		C9D3F3801B0B459900313035 /* Sources */ = {
			isa = PBXSourcesBuildPhase;
			buildActionMask = 2147483647;
			files = (
				C9EF2D3B1B528C290099983A /* NewsModel.m in Sources */,
				C9EF2D2A1B52802D0099983A /* NSDictionary+Assemble.m in Sources */,
				C9EF2D411B52B9630099983A /* UserModel.m in Sources */,
				C9EF2D441B52C9AA0099983A /* InitialNews.m in Sources */,
				C96DB60E1B4E948B00114622 /* ViewController.m in Sources */,
				C9D3F43F1B0B68F500313035 /* main.m in Sources */,
				C9EF2D351B5283E50099983A /* DocumentAccess.m in Sources */,
				C9D3F43B1B0B681100313035 /* NewTableViewCell.m in Sources */,
				C9D3F44C1B0B699700313035 /* FMDatabase.m in Sources */,
				C9EF2D2C1B52802D0099983A /* NSDate+Assemble.m in Sources */,
				C9D3F4501B0B699700313035 /* FMResultSet.m in Sources */,
				C9EF2D2F1B5280360099983A /* DBManager.m in Sources */,
				C9EF2D2B1B52802D0099983A /* NSString+Format.m in Sources */,
				C9EF2D381B5289680099983A /* NewsTableViewController.m in Sources */,
				C9D3F4331B0B681100313035 /* AppDelegate.m in Sources */,
				C96DB62D1B4E964300114622 /* Random.m in Sources */,
				C9D3F44E1B0B699700313035 /* FMDatabasePool.m in Sources */,
				C9EF2D321B5281AC0099983A /* MyWeiboData.m in Sources */,
				C9D3F44D1B0B699700313035 /* FMDatabaseAdditions.m in Sources */,
				C9EF2D291B52802D0099983A /* NSArray+Assemble.m in Sources */,
				C9D3F44F1B0B699700313035 /* FMDatabaseQueue.m in Sources */,
				C9EF2D3E1B52A9B00099983A /* ImagesModel.m in Sources */,
			);
			runOnlyForDeploymentPostprocessing = 0;
		};
		C9D3F3991B0B459900313035 /* Sources */ = {
			isa = PBXSourcesBuildPhase;
			buildActionMask = 2147483647;
			files = (
				C9D3F3A41B0B459900313035 /* MyWeiboTests.m in Sources */,
			);
			runOnlyForDeploymentPostprocessing = 0;
		};
/* End PBXSourcesBuildPhase section */

/* Begin PBXTargetDependency section */
		C9D3F39F1B0B459900313035 /* PBXTargetDependency */ = {
			isa = PBXTargetDependency;
			target = C9D3F3831B0B459900313035 /* MyWeibo */;
			targetProxy = C9D3F39E1B0B459900313035 /* PBXContainerItemProxy */;
		};
/* End PBXTargetDependency section */

/* Begin PBXVariantGroup section */
		C9D3F4241B0B681100313035 /* LaunchScreen.xib */ = {
			isa = PBXVariantGroup;
			children = (
				C9D3F4251B0B681100313035 /* Base */,
			);
			name = LaunchScreen.xib;
			sourceTree = "<group>";
		};
/* End PBXVariantGroup section */

/* Begin XCBuildConfiguration section */
		C9D3F3A51B0B459900313035 /* Debug */ = {
			isa = XCBuildConfiguration;
			buildSettings = {
				ALWAYS_SEARCH_USER_PATHS = NO;
				CLANG_CXX_LANGUAGE_STANDARD = "gnu++0x";
				CLANG_CXX_LIBRARY = "libc++";
				CLANG_ENABLE_MODULES = YES;
				CLANG_ENABLE_OBJC_ARC = YES;
				CLANG_WARN_BOOL_CONVERSION = YES;
				CLANG_WARN_CONSTANT_CONVERSION = YES;
				CLANG_WARN_DIRECT_OBJC_ISA_USAGE = YES_ERROR;
				CLANG_WARN_EMPTY_BODY = YES;
				CLANG_WARN_ENUM_CONVERSION = YES;
				CLANG_WARN_INT_CONVERSION = YES;
				CLANG_WARN_OBJC_ROOT_CLASS = YES_ERROR;
				CLANG_WARN_UNREACHABLE_CODE = YES;
				CLANG_WARN__DUPLICATE_METHOD_MATCH = YES;
				"CODE_SIGN_IDENTITY[sdk=iphoneos*]" = "iPhone Developer";
				COPY_PHASE_STRIP = NO;
				ENABLE_STRICT_OBJC_MSGSEND = YES;
				GCC_C_LANGUAGE_STANDARD = gnu99;
				GCC_DYNAMIC_NO_PIC = NO;
				GCC_OPTIMIZATION_LEVEL = 0;
				GCC_PREPROCESSOR_DEFINITIONS = (
					"DEBUG=1",
					"$(inherited)",
				);
				GCC_SYMBOLS_PRIVATE_EXTERN = NO;
				GCC_WARN_64_TO_32_BIT_CONVERSION = YES;
				GCC_WARN_ABOUT_RETURN_TYPE = YES_ERROR;
				GCC_WARN_UNDECLARED_SELECTOR = YES;
				GCC_WARN_UNINITIALIZED_AUTOS = YES_AGGRESSIVE;
				GCC_WARN_UNUSED_FUNCTION = YES;
				GCC_WARN_UNUSED_VARIABLE = YES;
				IPHONEOS_DEPLOYMENT_TARGET = 8.1;
				MTL_ENABLE_DEBUG_INFO = YES;
				ONLY_ACTIVE_ARCH = YES;
				SDKROOT = iphoneos;
			};
			name = Debug;
		};
		C9D3F3A61B0B459900313035 /* Release */ = {
			isa = XCBuildConfiguration;
			buildSettings = {
				ALWAYS_SEARCH_USER_PATHS = NO;
				CLANG_CXX_LANGUAGE_STANDARD = "gnu++0x";
				CLANG_CXX_LIBRARY = "libc++";
				CLANG_ENABLE_MODULES = YES;
				CLANG_ENABLE_OBJC_ARC = YES;
				CLANG_WARN_BOOL_CONVERSION = YES;
				CLANG_WARN_CONSTANT_CONVERSION = YES;
				CLANG_WARN_DIRECT_OBJC_ISA_USAGE = YES_ERROR;
				CLANG_WARN_EMPTY_BODY = YES;
				CLANG_WARN_ENUM_CONVERSION = YES;
				CLANG_WARN_INT_CONVERSION = YES;
				CLANG_WARN_OBJC_ROOT_CLASS = YES_ERROR;
				CLANG_WARN_UNREACHABLE_CODE = YES;
				CLANG_WARN__DUPLICATE_METHOD_MATCH = YES;
				"CODE_SIGN_IDENTITY[sdk=iphoneos*]" = "iPhone Developer";
				COPY_PHASE_STRIP = YES;
				ENABLE_NS_ASSERTIONS = NO;
				ENABLE_STRICT_OBJC_MSGSEND = YES;
				GCC_C_LANGUAGE_STANDARD = gnu99;
				GCC_WARN_64_TO_32_BIT_CONVERSION = YES;
				GCC_WARN_ABOUT_RETURN_TYPE = YES_ERROR;
				GCC_WARN_UNDECLARED_SELECTOR = YES;
				GCC_WARN_UNINITIALIZED_AUTOS = YES_AGGRESSIVE;
				GCC_WARN_UNUSED_FUNCTION = YES;
				GCC_WARN_UNUSED_VARIABLE = YES;
				IPHONEOS_DEPLOYMENT_TARGET = 8.1;
				MTL_ENABLE_DEBUG_INFO = NO;
				SDKROOT = iphoneos;
				VALIDATE_PRODUCT = YES;
			};
			name = Release;
		};
		C9D3F3A81B0B459900313035 /* Debug */ = {
			isa = XCBuildConfiguration;
			buildSettings = {
				ASSETCATALOG_COMPILER_APPICON_NAME = AppIcon;
				INFOPLIST_FILE = MyWeibo/Info.plist;
				LD_RUNPATH_SEARCH_PATHS = "$(inherited) @executable_path/Frameworks";
				PRODUCT_NAME = "$(TARGET_NAME)";
			};
			name = Debug;
		};
		C9D3F3A91B0B459900313035 /* Release */ = {
			isa = XCBuildConfiguration;
			buildSettings = {
				ASSETCATALOG_COMPILER_APPICON_NAME = AppIcon;
				INFOPLIST_FILE = MyWeibo/Info.plist;
				LD_RUNPATH_SEARCH_PATHS = "$(inherited) @executable_path/Frameworks";
				PRODUCT_NAME = "$(TARGET_NAME)";
			};
			name = Release;
		};
		C9D3F3AB1B0B459900313035 /* Debug */ = {
			isa = XCBuildConfiguration;
			buildSettings = {
				BUNDLE_LOADER = "$(TEST_HOST)";
				FRAMEWORK_SEARCH_PATHS = (
					"$(SDKROOT)/Developer/Library/Frameworks",
					"$(inherited)",
				);
				GCC_PREPROCESSOR_DEFINITIONS = (
					"DEBUG=1",
					"$(inherited)",
				);
				INFOPLIST_FILE = MyWeiboTests/Info.plist;
				LD_RUNPATH_SEARCH_PATHS = "$(inherited) @executable_path/Frameworks @loader_path/Frameworks";
				PRODUCT_NAME = "$(TARGET_NAME)";
				TEST_HOST = "$(BUILT_PRODUCTS_DIR)/MyWeibo.app/MyWeibo";
			};
			name = Debug;
		};
		C9D3F3AC1B0B459900313035 /* Release */ = {
			isa = XCBuildConfiguration;
			buildSettings = {
				BUNDLE_LOADER = "$(TEST_HOST)";
				FRAMEWORK_SEARCH_PATHS = (
					"$(SDKROOT)/Developer/Library/Frameworks",
					"$(inherited)",
				);
				INFOPLIST_FILE = MyWeiboTests/Info.plist;
				LD_RUNPATH_SEARCH_PATHS = "$(inherited) @executable_path/Frameworks @loader_path/Frameworks";
				PRODUCT_NAME = "$(TARGET_NAME)";
				TEST_HOST = "$(BUILT_PRODUCTS_DIR)/MyWeibo.app/MyWeibo";
			};
			name = Release;
		};
/* End XCBuildConfiguration section */

/* Begin XCConfigurationList section */
		C9D3F37F1B0B459900313035 /* Build configuration list for PBXProject "MyWeibo" */ = {
			isa = XCConfigurationList;
			buildConfigurations = (
				C9D3F3A51B0B459900313035 /* Debug */,
				C9D3F3A61B0B459900313035 /* Release */,
			);
			defaultConfigurationIsVisible = 0;
			defaultConfigurationName = Release;
		};
		C9D3F3A71B0B459900313035 /* Build configuration list for PBXNativeTarget "MyWeibo" */ = {
			isa = XCConfigurationList;
			buildConfigurations = (
				C9D3F3A81B0B459900313035 /* Debug */,
				C9D3F3A91B0B459900313035 /* Release */,
			);
			defaultConfigurationIsVisible = 0;
			defaultConfigurationName = Release;
		};
		C9D3F3AA1B0B459900313035 /* Build configuration list for PBXNativeTarget "MyWeiboTests" */ = {
			isa = XCConfigurationList;
			buildConfigurations = (
				C9D3F3AB1B0B459900313035 /* Debug */,
				C9D3F3AC1B0B459900313035 /* Release */,
			);
			defaultConfigurationIsVisible = 0;
			defaultConfigurationName = Release;
		};
/* End XCConfigurationList section */
	};
	rootObject = C9D3F37C1B0B459900313035 /* Project object */;
}
