// !$*UTF8*$!
{
	archiveVersion = 1;
	classes = {
	};
	objectVersion = 46;
	objects = {

/* Begin PBXBuildFile section */
		C95EDCDE1B61DB5200A21A04 /* AddingImageView.m in Sources */ = {isa = PBXBuildFile; fileRef = C95EDCDD1B61DB5200A21A04 /* AddingImageView.m */; };
		C967E0AD1B60FB1800A04653 /* NSArray+Assemble.m in Sources */ = {isa = PBXBuildFile; fileRef = C967E0831B60FB1800A04653 /* NSArray+Assemble.m */; };
		C967E0AE1B60FB1800A04653 /* NSDate+Assemble.m in Sources */ = {isa = PBXBuildFile; fileRef = C967E0851B60FB1800A04653 /* NSDate+Assemble.m */; };
		C967E0AF1B60FB1800A04653 /* NSDictionary+Assemble.m in Sources */ = {isa = PBXBuildFile; fileRef = C967E0871B60FB1800A04653 /* NSDictionary+Assemble.m */; };
		C967E0B01B60FB1800A04653 /* NSString+Format.m in Sources */ = {isa = PBXBuildFile; fileRef = C967E0891B60FB1800A04653 /* NSString+Format.m */; };
		C967E0B11B60FB1800A04653 /* UIImage+ImageFrame.m in Sources */ = {isa = PBXBuildFile; fileRef = C967E08B1B60FB1800A04653 /* UIImage+ImageFrame.m */; };
		C967E0B21B60FB1800A04653 /* UILabel+StringFrame.m in Sources */ = {isa = PBXBuildFile; fileRef = C967E08D1B60FB1800A04653 /* UILabel+StringFrame.m */; };
		C967E0B31B60FB1800A04653 /* DBManager.m in Sources */ = {isa = PBXBuildFile; fileRef = C967E0901B60FB1800A04653 /* DBManager.m */; };
		C967E0B41B60FB1800A04653 /* FMDatabase.m in Sources */ = {isa = PBXBuildFile; fileRef = C967E0931B60FB1800A04653 /* FMDatabase.m */; };
		C967E0B51B60FB1800A04653 /* FMDatabaseAdditions.m in Sources */ = {isa = PBXBuildFile; fileRef = C967E0951B60FB1800A04653 /* FMDatabaseAdditions.m */; };
		C967E0B61B60FB1800A04653 /* FMDatabasePool.m in Sources */ = {isa = PBXBuildFile; fileRef = C967E0971B60FB1800A04653 /* FMDatabasePool.m */; };
		C967E0B71B60FB1800A04653 /* FMDatabaseQueue.m in Sources */ = {isa = PBXBuildFile; fileRef = C967E0991B60FB1800A04653 /* FMDatabaseQueue.m */; };
		C967E0B81B60FB1800A04653 /* FMResultSet.m in Sources */ = {isa = PBXBuildFile; fileRef = C967E09C1B60FB1800A04653 /* FMResultSet.m */; };
		C967E0B91B60FB1800A04653 /* Images.xcassets in Resources */ = {isa = PBXBuildFile; fileRef = C967E09D1B60FB1800A04653 /* Images.xcassets */; };
		C967E0BA1B60FB1800A04653 /* InitialNews.m in Sources */ = {isa = PBXBuildFile; fileRef = C967E09F1B60FB1800A04653 /* InitialNews.m */; };
		C967E0BB1B60FB1800A04653 /* DocumentAccess.m in Sources */ = {isa = PBXBuildFile; fileRef = C967E0A21B60FB1800A04653 /* DocumentAccess.m */; };
		C967E0BC1B60FB1800A04653 /* Random.m in Sources */ = {isa = PBXBuildFile; fileRef = C967E0A41B60FB1800A04653 /* Random.m */; };
		C967E0BD1B60FB1800A04653 /* MyWeiboData.m in Sources */ = {isa = PBXBuildFile; fileRef = C967E0A61B60FB1800A04653 /* MyWeiboData.m */; };
		C967E0BE1B60FB1800A04653 /* SVIndefiniteAnimatedView.m in Sources */ = {isa = PBXBuildFile; fileRef = C967E0A91B60FB1800A04653 /* SVIndefiniteAnimatedView.m */; };
		C967E0BF1B60FB1800A04653 /* SVProgressHUD.bundle in Resources */ = {isa = PBXBuildFile; fileRef = C967E0AA1B60FB1800A04653 /* SVProgressHUD.bundle */; };
		C967E0C01B60FB1800A04653 /* SVProgressHUD.m in Sources */ = {isa = PBXBuildFile; fileRef = C967E0AC1B60FB1800A04653 /* SVProgressHUD.m */; };
		C967E0CC1B60FBAD00A04653 /* CommentCell.m in Sources */ = {isa = PBXBuildFile; fileRef = C967E0C31B60FBAD00A04653 /* CommentCell.m */; };
		C967E0CD1B60FBAD00A04653 /* CommentCell.xib in Resources */ = {isa = PBXBuildFile; fileRef = C967E0C41B60FBAD00A04653 /* CommentCell.xib */; };
		C967E0CE1B60FBAD00A04653 /* ImageScrollView.m in Sources */ = {isa = PBXBuildFile; fileRef = C967E0C61B60FBAD00A04653 /* ImageScrollView.m */; };
		C967E0CF1B60FBAD00A04653 /* LaunchScreen.xib in Resources */ = {isa = PBXBuildFile; fileRef = C967E0C71B60FBAD00A04653 /* LaunchScreen.xib */; };
		C967E0D01B60FBAD00A04653 /* Main.storyboard in Resources */ = {isa = PBXBuildFile; fileRef = C967E0C81B60FBAD00A04653 /* Main.storyboard */; };
		C967E0D11B60FBAD00A04653 /* NewCell.xib in Resources */ = {isa = PBXBuildFile; fileRef = C967E0C91B60FBAD00A04653 /* NewCell.xib */; };
		C967E0D21B60FBAD00A04653 /* NewTableViewCell.m in Sources */ = {isa = PBXBuildFile; fileRef = C967E0CB1B60FBAD00A04653 /* NewTableViewCell.m */; };
		C967E0DE1B60FC0200A04653 /* AddNewsViewController.m in Sources */ = {isa = PBXBuildFile; fileRef = C967E0D51B60FC0200A04653 /* AddNewsViewController.m */; };
		C967E0DF1B60FC0200A04653 /* AppendViewController.m in Sources */ = {isa = PBXBuildFile; fileRef = C967E0D71B60FC0200A04653 /* AppendViewController.m */; };
		C967E0E01B60FC0200A04653 /* NewsDetailViewController.m in Sources */ = {isa = PBXBuildFile; fileRef = C967E0D91B60FC0200A04653 /* NewsDetailViewController.m */; };
		C967E0E11B60FC0200A04653 /* NewsTableViewController.m in Sources */ = {isa = PBXBuildFile; fileRef = C967E0DB1B60FC0200A04653 /* NewsTableViewController.m */; };
		C967E0E21B60FC0200A04653 /* ViewController.m in Sources */ = {isa = PBXBuildFile; fileRef = C967E0DD1B60FC0200A04653 /* ViewController.m */; };
		C967E0EC1B60FC2C00A04653 /* ImagesModel.m in Sources */ = {isa = PBXBuildFile; fileRef = C967E0E51B60FC2C00A04653 /* ImagesModel.m */; };
		C967E0ED1B60FC2C00A04653 /* NewsModel.m in Sources */ = {isa = PBXBuildFile; fileRef = C967E0E71B60FC2C00A04653 /* NewsModel.m */; };
		C967E0EF1B60FC2C00A04653 /* UserModel.m in Sources */ = {isa = PBXBuildFile; fileRef = C967E0EB1B60FC2C00A04653 /* UserModel.m */; };
		C967E0F21B61183000A04653 /* PersonalModel.m in Sources */ = {isa = PBXBuildFile; fileRef = C967E0F11B61183000A04653 /* PersonalModel.m */; };
		C9D3F3A41B0B459900313035 /* MyWeiboTests.m in Sources */ = {isa = PBXBuildFile; fileRef = C9D3F3A31B0B459900313035 /* MyWeiboTests.m */; };
		C9D3F4331B0B681100313035 /* AppDelegate.m in Sources */ = {isa = PBXBuildFile; fileRef = C9D3F4231B0B681100313035 /* AppDelegate.m */; };
		C9D3F43F1B0B68F500313035 /* main.m in Sources */ = {isa = PBXBuildFile; fileRef = C9D3F43E1B0B68F500313035 /* main.m */; };
		C9D3F4541B0B742200313035 /* libsqlite3.dylib in Frameworks */ = {isa = PBXBuildFile; fileRef = C9D3F4531B0B742200313035 /* libsqlite3.dylib */; };
		C9EC4D6F1B63E293007FEAB7 /* AddingTextView.m in Sources */ = {isa = PBXBuildFile; fileRef = C9EC4D6E1B63E293007FEAB7 /* AddingTextView.m */; };
		C9F2E55C1B5991AF006DE9C1 /* Info.plist in Resources */ = {isa = PBXBuildFile; fileRef = C9D3F3A21B0B459900313035 /* Info.plist */; };
/* End PBXBuildFile section */

/* Begin PBXContainerItemProxy section */
		C9D3F39E1B0B459900313035 /* PBXContainerItemProxy */ = {
			isa = PBXContainerItemProxy;
			containerPortal = C9D3F37C1B0B459900313035 /* Project object */;
			proxyType = 1;
			remoteGlobalIDString = C9D3F3831B0B459900313035;
			remoteInfo = MyWeibo;
		};
/* End PBXContainerItemProxy section */

/* Begin PBXFileReference section */
		C95EDCDC1B61DB5200A21A04 /* AddingImageView.h */ = {isa = PBXFileReference; fileEncoding = 4; lastKnownFileType = sourcecode.c.h; path = AddingImageView.h; sourceTree = "<group>"; };
		C95EDCDD1B61DB5200A21A04 /* AddingImageView.m */ = {isa = PBXFileReference; fileEncoding = 4; lastKnownFileType = sourcecode.c.objc; path = AddingImageView.m; sourceTree = "<group>"; };
		C967E0821B60FB1800A04653 /* NSArray+Assemble.h */ = {isa = PBXFileReference; fileEncoding = 4; lastKnownFileType = sourcecode.c.h; path = "NSArray+Assemble.h"; sourceTree = "<group>"; };
		C967E0831B60FB1800A04653 /* NSArray+Assemble.m */ = {isa = PBXFileReference; fileEncoding = 4; lastKnownFileType = sourcecode.c.objc; path = "NSArray+Assemble.m"; sourceTree = "<group>"; };
		C967E0841B60FB1800A04653 /* NSDate+Assemble.h */ = {isa = PBXFileReference; fileEncoding = 4; lastKnownFileType = sourcecode.c.h; path = "NSDate+Assemble.h"; sourceTree = "<group>"; };
		C967E0851B60FB1800A04653 /* NSDate+Assemble.m */ = {isa = PBXFileReference; fileEncoding = 4; lastKnownFileType = sourcecode.c.objc; path = "NSDate+Assemble.m"; sourceTree = "<group>"; };
		C967E0861B60FB1800A04653 /* NSDictionary+Assemble.h */ = {isa = PBXFileReference; fileEncoding = 4; lastKnownFileType = sourcecode.c.h; path = "NSDictionary+Assemble.h"; sourceTree = "<group>"; };
		C967E0871B60FB1800A04653 /* NSDictionary+Assemble.m */ = {isa = PBXFileReference; fileEncoding = 4; lastKnownFileType = sourcecode.c.objc; path = "NSDictionary+Assemble.m"; sourceTree = "<group>"; };
		C967E0881B60FB1800A04653 /* NSString+Format.h */ = {isa = PBXFileReference; fileEncoding = 4; lastKnownFileType = sourcecode.c.h; path = "NSString+Format.h"; sourceTree = "<group>"; };
		C967E0891B60FB1800A04653 /* NSString+Format.m */ = {isa = PBXFileReference; fileEncoding = 4; lastKnownFileType = sourcecode.c.objc; path = "NSString+Format.m"; sourceTree = "<group>"; };
		C967E08A1B60FB1800A04653 /* UIImage+ImageFrame.h */ = {isa = PBXFileReference; fileEncoding = 4; lastKnownFileType = sourcecode.c.h; path = "UIImage+ImageFrame.h"; sourceTree = "<group>"; };
		C967E08B1B60FB1800A04653 /* UIImage+ImageFrame.m */ = {isa = PBXFileReference; fileEncoding = 4; lastKnownFileType = sourcecode.c.objc; path = "UIImage+ImageFrame.m"; sourceTree = "<group>"; };
		C967E08C1B60FB1800A04653 /* UILabel+StringFrame.h */ = {isa = PBXFileReference; fileEncoding = 4; lastKnownFileType = sourcecode.c.h; path = "UILabel+StringFrame.h"; sourceTree = "<group>"; };
		C967E08D1B60FB1800A04653 /* UILabel+StringFrame.m */ = {isa = PBXFileReference; fileEncoding = 4; lastKnownFileType = sourcecode.c.objc; path = "UILabel+StringFrame.m"; sourceTree = "<group>"; };
		C967E08F1B60FB1800A04653 /* DBManager.h */ = {isa = PBXFileReference; fileEncoding = 4; lastKnownFileType = sourcecode.c.h; path = DBManager.h; sourceTree = "<group>"; };
		C967E0901B60FB1800A04653 /* DBManager.m */ = {isa = PBXFileReference; fileEncoding = 4; lastKnownFileType = sourcecode.c.objc; path = DBManager.m; sourceTree = "<group>"; };
		C967E0921B60FB1800A04653 /* FMDatabase.h */ = {isa = PBXFileReference; fileEncoding = 4; lastKnownFileType = sourcecode.c.h; path = FMDatabase.h; sourceTree = "<group>"; };
		C967E0931B60FB1800A04653 /* FMDatabase.m */ = {isa = PBXFileReference; fileEncoding = 4; lastKnownFileType = sourcecode.c.objc; path = FMDatabase.m; sourceTree = "<group>"; };
		C967E0941B60FB1800A04653 /* FMDatabaseAdditions.h */ = {isa = PBXFileReference; fileEncoding = 4; lastKnownFileType = sourcecode.c.h; path = FMDatabaseAdditions.h; sourceTree = "<group>"; };
		C967E0951B60FB1800A04653 /* FMDatabaseAdditions.m */ = {isa = PBXFileReference; fileEncoding = 4; lastKnownFileType = sourcecode.c.objc; path = FMDatabaseAdditions.m; sourceTree = "<group>"; };
		C967E0961B60FB1800A04653 /* FMDatabasePool.h */ = {isa = PBXFileReference; fileEncoding = 4; lastKnownFileType = sourcecode.c.h; path = FMDatabasePool.h; sourceTree = "<group>"; };
		C967E0971B60FB1800A04653 /* FMDatabasePool.m */ = {isa = PBXFileReference; fileEncoding = 4; lastKnownFileType = sourcecode.c.objc; path = FMDatabasePool.m; sourceTree = "<group>"; };
		C967E0981B60FB1800A04653 /* FMDatabaseQueue.h */ = {isa = PBXFileReference; fileEncoding = 4; lastKnownFileType = sourcecode.c.h; path = FMDatabaseQueue.h; sourceTree = "<group>"; };
		C967E0991B60FB1800A04653 /* FMDatabaseQueue.m */ = {isa = PBXFileReference; fileEncoding = 4; lastKnownFileType = sourcecode.c.objc; path = FMDatabaseQueue.m; sourceTree = "<group>"; };
		C967E09A1B60FB1800A04653 /* FMDB.h */ = {isa = PBXFileReference; fileEncoding = 4; lastKnownFileType = sourcecode.c.h; path = FMDB.h; sourceTree = "<group>"; };
		C967E09B1B60FB1800A04653 /* FMResultSet.h */ = {isa = PBXFileReference; fileEncoding = 4; lastKnownFileType = sourcecode.c.h; path = FMResultSet.h; sourceTree = "<group>"; };
		C967E09C1B60FB1800A04653 /* FMResultSet.m */ = {isa = PBXFileReference; fileEncoding = 4; lastKnownFileType = sourcecode.c.objc; path = FMResultSet.m; sourceTree = "<group>"; };
		C967E09D1B60FB1800A04653 /* Images.xcassets */ = {isa = PBXFileReference; lastKnownFileType = folder.assetcatalog; path = Images.xcassets; sourceTree = "<group>"; };
		C967E09E1B60FB1800A04653 /* InitialNews.h */ = {isa = PBXFileReference; fileEncoding = 4; lastKnownFileType = sourcecode.c.h; path = InitialNews.h; sourceTree = "<group>"; };
		C967E09F1B60FB1800A04653 /* InitialNews.m */ = {isa = PBXFileReference; fileEncoding = 4; lastKnownFileType = sourcecode.c.objc; path = InitialNews.m; sourceTree = "<group>"; };
		C967E0A11B60FB1800A04653 /* DocumentAccess.h */ = {isa = PBXFileReference; fileEncoding = 4; lastKnownFileType = sourcecode.c.h; path = DocumentAccess.h; sourceTree = "<group>"; };
		C967E0A21B60FB1800A04653 /* DocumentAccess.m */ = {isa = PBXFileReference; fileEncoding = 4; lastKnownFileType = sourcecode.c.objc; path = DocumentAccess.m; sourceTree = "<group>"; };
		C967E0A31B60FB1800A04653 /* Random.h */ = {isa = PBXFileReference; fileEncoding = 4; lastKnownFileType = sourcecode.c.h; path = Random.h; sourceTree = "<group>"; };
		C967E0A41B60FB1800A04653 /* Random.m */ = {isa = PBXFileReference; fileEncoding = 4; lastKnownFileType = sourcecode.c.objc; path = Random.m; sourceTree = "<group>"; };
		C967E0A51B60FB1800A04653 /* MyWeiboData.h */ = {isa = PBXFileReference; fileEncoding = 4; lastKnownFileType = sourcecode.c.h; path = MyWeiboData.h; sourceTree = "<group>"; };
		C967E0A61B60FB1800A04653 /* MyWeiboData.m */ = {isa = PBXFileReference; fileEncoding = 4; lastKnownFileType = sourcecode.c.objc; path = MyWeiboData.m; sourceTree = "<group>"; };
		C967E0A81B60FB1800A04653 /* SVIndefiniteAnimatedView.h */ = {isa = PBXFileReference; fileEncoding = 4; lastKnownFileType = sourcecode.c.h; path = SVIndefiniteAnimatedView.h; sourceTree = "<group>"; };
		C967E0A91B60FB1800A04653 /* SVIndefiniteAnimatedView.m */ = {isa = PBXFileReference; fileEncoding = 4; lastKnownFileType = sourcecode.c.objc; path = SVIndefiniteAnimatedView.m; sourceTree = "<group>"; };
		C967E0AA1B60FB1800A04653 /* SVProgressHUD.bundle */ = {isa = PBXFileReference; lastKnownFileType = "wrapper.plug-in"; path = SVProgressHUD.bundle; sourceTree = "<group>"; };
		C967E0AB1B60FB1800A04653 /* SVProgressHUD.h */ = {isa = PBXFileReference; fileEncoding = 4; lastKnownFileType = sourcecode.c.h; path = SVProgressHUD.h; sourceTree = "<group>"; };
		C967E0AC1B60FB1800A04653 /* SVProgressHUD.m */ = {isa = PBXFileReference; fileEncoding = 4; lastKnownFileType = sourcecode.c.objc; path = SVProgressHUD.m; sourceTree = "<group>"; };
		C967E0C21B60FBAD00A04653 /* CommentCell.h */ = {isa = PBXFileReference; fileEncoding = 4; lastKnownFileType = sourcecode.c.h; path = CommentCell.h; sourceTree = "<group>"; };
		C967E0C31B60FBAD00A04653 /* CommentCell.m */ = {isa = PBXFileReference; fileEncoding = 4; lastKnownFileType = sourcecode.c.objc; path = CommentCell.m; sourceTree = "<group>"; };
		C967E0C41B60FBAD00A04653 /* CommentCell.xib */ = {isa = PBXFileReference; fileEncoding = 4; lastKnownFileType = file.xib; path = CommentCell.xib; sourceTree = "<group>"; };
		C967E0C51B60FBAD00A04653 /* ImageScrollView.h */ = {isa = PBXFileReference; fileEncoding = 4; lastKnownFileType = sourcecode.c.h; path = ImageScrollView.h; sourceTree = "<group>"; };
		C967E0C61B60FBAD00A04653 /* ImageScrollView.m */ = {isa = PBXFileReference; fileEncoding = 4; lastKnownFileType = sourcecode.c.objc; path = ImageScrollView.m; sourceTree = "<group>"; };
		C967E0C71B60FBAD00A04653 /* LaunchScreen.xib */ = {isa = PBXFileReference; fileEncoding = 4; lastKnownFileType = file.xib; path = LaunchScreen.xib; sourceTree = "<group>"; };
		C967E0C81B60FBAD00A04653 /* Main.storyboard */ = {isa = PBXFileReference; fileEncoding = 4; lastKnownFileType = file.storyboard; path = Main.storyboard; sourceTree = "<group>"; };
		C967E0C91B60FBAD00A04653 /* NewCell.xib */ = {isa = PBXFileReference; fileEncoding = 4; lastKnownFileType = file.xib; path = NewCell.xib; sourceTree = "<group>"; };
		C967E0CA1B60FBAD00A04653 /* NewTableViewCell.h */ = {isa = PBXFileReference; fileEncoding = 4; lastKnownFileType = sourcecode.c.h; path = NewTableViewCell.h; sourceTree = "<group>"; };
		C967E0CB1B60FBAD00A04653 /* NewTableViewCell.m */ = {isa = PBXFileReference; fileEncoding = 4; lastKnownFileType = sourcecode.c.objc; path = NewTableViewCell.m; sourceTree = "<group>"; };
		C967E0D41B60FC0200A04653 /* AddNewsViewController.h */ = {isa = PBXFileReference; fileEncoding = 4; lastKnownFileType = sourcecode.c.h; path = AddNewsViewController.h; sourceTree = "<group>"; };
		C967E0D51B60FC0200A04653 /* AddNewsViewController.m */ = {isa = PBXFileReference; fileEncoding = 4; lastKnownFileType = sourcecode.c.objc; path = AddNewsViewController.m; sourceTree = "<group>"; };
		C967E0D61B60FC0200A04653 /* AppendViewController.h */ = {isa = PBXFileReference; fileEncoding = 4; lastKnownFileType = sourcecode.c.h; path = AppendViewController.h; sourceTree = "<group>"; };
		C967E0D71B60FC0200A04653 /* AppendViewController.m */ = {isa = PBXFileReference; fileEncoding = 4; lastKnownFileType = sourcecode.c.objc; path = AppendViewController.m; sourceTree = "<group>"; };
		C967E0D81B60FC0200A04653 /* NewsDetailViewController.h */ = {isa = PBXFileReference; fileEncoding = 4; lastKnownFileType = sourcecode.c.h; path = NewsDetailViewController.h; sourceTree = "<group>"; };
		C967E0D91B60FC0200A04653 /* NewsDetailViewController.m */ = {isa = PBXFileReference; fileEncoding = 4; lastKnownFileType = sourcecode.c.objc; path = NewsDetailViewController.m; sourceTree = "<group>"; };
		C967E0DA1B60FC0200A04653 /* NewsTableViewController.h */ = {isa = PBXFileReference; fileEncoding = 4; lastKnownFileType = sourcecode.c.h; path = NewsTableViewController.h; sourceTree = "<group>"; };
		C967E0DB1B60FC0200A04653 /* NewsTableViewController.m */ = {isa = PBXFileReference; fileEncoding = 4; lastKnownFileType = sourcecode.c.objc; path = NewsTableViewController.m; sourceTree = "<group>"; };
		C967E0DC1B60FC0200A04653 /* ViewController.h */ = {isa = PBXFileReference; fileEncoding = 4; lastKnownFileType = sourcecode.c.h; path = ViewController.h; sourceTree = "<group>"; };
		C967E0DD1B60FC0200A04653 /* ViewController.m */ = {isa = PBXFileReference; fileEncoding = 4; lastKnownFileType = sourcecode.c.objc; path = ViewController.m; sourceTree = "<group>"; };
		C967E0E41B60FC2C00A04653 /* ImagesModel.h */ = {isa = PBXFileReference; fileEncoding = 4; lastKnownFileType = sourcecode.c.h; path = ImagesModel.h; sourceTree = "<group>"; };
		C967E0E51B60FC2C00A04653 /* ImagesModel.m */ = {isa = PBXFileReference; fileEncoding = 4; lastKnownFileType = sourcecode.c.objc; path = ImagesModel.m; sourceTree = "<group>"; };
		C967E0E61B60FC2C00A04653 /* NewsModel.h */ = {isa = PBXFileReference; fileEncoding = 4; lastKnownFileType = sourcecode.c.h; path = NewsModel.h; sourceTree = "<group>"; };
		C967E0E71B60FC2C00A04653 /* NewsModel.m */ = {isa = PBXFileReference; fileEncoding = 4; lastKnownFileType = sourcecode.c.objc; path = NewsModel.m; sourceTree = "<group>"; };
		C967E0EA1B60FC2C00A04653 /* UserModel.h */ = {isa = PBXFileReference; fileEncoding = 4; lastKnownFileType = sourcecode.c.h; path = UserModel.h; sourceTree = "<group>"; };
		C967E0EB1B60FC2C00A04653 /* UserModel.m */ = {isa = PBXFileReference; fileEncoding = 4; lastKnownFileType = sourcecode.c.objc; path = UserModel.m; sourceTree = "<group>"; };
		C967E0F01B61183000A04653 /* PersonalModel.h */ = {isa = PBXFileReference; fileEncoding = 4; lastKnownFileType = sourcecode.c.h; path = PersonalModel.h; sourceTree = "<group>"; };
		C967E0F11B61183000A04653 /* PersonalModel.m */ = {isa = PBXFileReference; fileEncoding = 4; lastKnownFileType = sourcecode.c.objc; path = PersonalModel.m; sourceTree = "<group>"; };
		C9D3F3841B0B459900313035 /* MyWeibo.app */ = {isa = PBXFileReference; explicitFileType = wrapper.application; includeInIndex = 0; path = MyWeibo.app; sourceTree = BUILT_PRODUCTS_DIR; };
		C9D3F39D1B0B459900313035 /* MyWeiboTests.xctest */ = {isa = PBXFileReference; explicitFileType = wrapper.cfbundle; includeInIndex = 0; path = MyWeiboTests.xctest; sourceTree = BUILT_PRODUCTS_DIR; };
		C9D3F3A21B0B459900313035 /* Info.plist */ = {isa = PBXFileReference; lastKnownFileType = text.plist.xml; path = Info.plist; sourceTree = "<group>"; };
		C9D3F3A31B0B459900313035 /* MyWeiboTests.m */ = {isa = PBXFileReference; lastKnownFileType = sourcecode.c.objc; path = MyWeiboTests.m; sourceTree = "<group>"; };
		C9D3F4221B0B681100313035 /* AppDelegate.h */ = {isa = PBXFileReference; fileEncoding = 4; lastKnownFileType = sourcecode.c.h; path = AppDelegate.h; sourceTree = "<group>"; };
		C9D3F4231B0B681100313035 /* AppDelegate.m */ = {isa = PBXFileReference; fileEncoding = 4; lastKnownFileType = sourcecode.c.objc; path = AppDelegate.m; sourceTree = "<group>"; };
		C9D3F4291B0B681100313035 /* Info.plist */ = {isa = PBXFileReference; fileEncoding = 4; lastKnownFileType = text.plist.xml; path = Info.plist; sourceTree = "<group>"; };
		C9D3F43E1B0B68F500313035 /* main.m */ = {isa = PBXFileReference; fileEncoding = 4; lastKnownFileType = sourcecode.c.objc; path = main.m; sourceTree = "<group>"; };
		C9D3F4531B0B742200313035 /* libsqlite3.dylib */ = {isa = PBXFileReference; lastKnownFileType = "compiled.mach-o.dylib"; name = libsqlite3.dylib; path = usr/lib/libsqlite3.dylib; sourceTree = SDKROOT; };
		C9EC4D6D1B63E293007FEAB7 /* AddingTextView.h */ = {isa = PBXFileReference; fileEncoding = 4; lastKnownFileType = sourcecode.c.h; path = AddingTextView.h; sourceTree = "<group>"; };
		C9EC4D6E1B63E293007FEAB7 /* AddingTextView.m */ = {isa = PBXFileReference; fileEncoding = 4; lastKnownFileType = sourcecode.c.objc; path = AddingTextView.m; sourceTree = "<group>"; };
/* End PBXFileReference section */

/* Begin PBXFrameworksBuildPhase section */
		C9D3F3811B0B459900313035 /* Frameworks */ = {
			isa = PBXFrameworksBuildPhase;
			buildActionMask = 2147483647;
			files = (
				C9D3F4541B0B742200313035 /* libsqlite3.dylib in Frameworks */,
			);
			runOnlyForDeploymentPostprocessing = 0;
		};
		C9D3F39A1B0B459900313035 /* Frameworks */ = {
			isa = PBXFrameworksBuildPhase;
			buildActionMask = 2147483647;
			files = (
			);
			runOnlyForDeploymentPostprocessing = 0;
		};
/* End PBXFrameworksBuildPhase section */

/* Begin PBXGroup section */
		C967E0801B60FB1800A04653 /* Utils */ = {
			isa = PBXGroup;
			children = (
				C967E0811B60FB1800A04653 /* CateGroies */,
				C967E08E1B60FB1800A04653 /* DateBase */,
				C967E0A01B60FB1800A04653 /* Kits */,
				C967E0A71B60FB1800A04653 /* SVProgressHUD */,
				C967E09D1B60FB1800A04653 /* Images.xcassets */,
				C967E09E1B60FB1800A04653 /* InitialNews.h */,
				C967E09F1B60FB1800A04653 /* InitialNews.m */,
				C967E0A51B60FB1800A04653 /* MyWeiboData.h */,
				C967E0A61B60FB1800A04653 /* MyWeiboData.m */,
			);
			path = Utils;
			sourceTree = "<group>";
		};
		C967E0811B60FB1800A04653 /* CateGroies */ = {
			isa = PBXGroup;
			children = (
				C967E0821B60FB1800A04653 /* NSArray+Assemble.h */,
				C967E0831B60FB1800A04653 /* NSArray+Assemble.m */,
				C967E0841B60FB1800A04653 /* NSDate+Assemble.h */,
				C967E0851B60FB1800A04653 /* NSDate+Assemble.m */,
				C967E0861B60FB1800A04653 /* NSDictionary+Assemble.h */,
				C967E0871B60FB1800A04653 /* NSDictionary+Assemble.m */,
				C967E0881B60FB1800A04653 /* NSString+Format.h */,
				C967E0891B60FB1800A04653 /* NSString+Format.m */,
				C967E08A1B60FB1800A04653 /* UIImage+ImageFrame.h */,
				C967E08B1B60FB1800A04653 /* UIImage+ImageFrame.m */,
				C967E08C1B60FB1800A04653 /* UILabel+StringFrame.h */,
				C967E08D1B60FB1800A04653 /* UILabel+StringFrame.m */,
			);
			path = CateGroies;
			sourceTree = "<group>";
		};
		C967E08E1B60FB1800A04653 /* DateBase */ = {
			isa = PBXGroup;
			children = (
				C967E08F1B60FB1800A04653 /* DBManager.h */,
				C967E0901B60FB1800A04653 /* DBManager.m */,
				C967E0911B60FB1800A04653 /* fmdb */,
			);
			path = DateBase;
			sourceTree = "<group>";
		};
		C967E0911B60FB1800A04653 /* fmdb */ = {
			isa = PBXGroup;
			children = (
				C967E0921B60FB1800A04653 /* FMDatabase.h */,
				C967E0931B60FB1800A04653 /* FMDatabase.m */,
				C967E0941B60FB1800A04653 /* FMDatabaseAdditions.h */,
				C967E0951B60FB1800A04653 /* FMDatabaseAdditions.m */,
				C967E0961B60FB1800A04653 /* FMDatabasePool.h */,
				C967E0971B60FB1800A04653 /* FMDatabasePool.m */,
				C967E0981B60FB1800A04653 /* FMDatabaseQueue.h */,
				C967E0991B60FB1800A04653 /* FMDatabaseQueue.m */,
				C967E09A1B60FB1800A04653 /* FMDB.h */,
				C967E09B1B60FB1800A04653 /* FMResultSet.h */,
				C967E09C1B60FB1800A04653 /* FMResultSet.m */,
			);
			path = fmdb;
			sourceTree = "<group>";
		};
		C967E0A01B60FB1800A04653 /* Kits */ = {
			isa = PBXGroup;
			children = (
				C967E0A11B60FB1800A04653 /* DocumentAccess.h */,
				C967E0A21B60FB1800A04653 /* DocumentAccess.m */,
				C967E0A31B60FB1800A04653 /* Random.h */,
				C967E0A41B60FB1800A04653 /* Random.m */,
			);
			path = Kits;
			sourceTree = "<group>";
		};
		C967E0A71B60FB1800A04653 /* SVProgressHUD */ = {
			isa = PBXGroup;
			children = (
				C967E0A81B60FB1800A04653 /* SVIndefiniteAnimatedView.h */,
				C967E0A91B60FB1800A04653 /* SVIndefiniteAnimatedView.m */,
				C967E0AA1B60FB1800A04653 /* SVProgressHUD.bundle */,
				C967E0AB1B60FB1800A04653 /* SVProgressHUD.h */,
				C967E0AC1B60FB1800A04653 /* SVProgressHUD.m */,
			);
			path = SVProgressHUD;
			sourceTree = "<group>";
		};
		C967E0C11B60FBAD00A04653 /* View */ = {
			isa = PBXGroup;
			children = (
				C967E0C71B60FBAD00A04653 /* LaunchScreen.xib */,
				C967E0C81B60FBAD00A04653 /* Main.storyboard */,
				C967E0F41B61495C00A04653 /* Cell */,
				C967E0C51B60FBAD00A04653 /* ImageScrollView.h */,
				C967E0C61B60FBAD00A04653 /* ImageScrollView.m */,
				C95EDCDC1B61DB5200A21A04 /* AddingImageView.h */,
				C95EDCDD1B61DB5200A21A04 /* AddingImageView.m */,
				C9EC4D6D1B63E293007FEAB7 /* AddingTextView.h */,
				C9EC4D6E1B63E293007FEAB7 /* AddingTextView.m */,
			);
			path = View;
			sourceTree = "<group>";
		};
		C967E0D31B60FC0200A04653 /* Controller */ = {
			isa = PBXGroup;
			children = (
				C967E0DC1B60FC0200A04653 /* ViewController.h */,
				C967E0DD1B60FC0200A04653 /* ViewController.m */,
				C967E0F51B61499B00A04653 /* TabBarViewControllers */,
				C967E0F61B614A2000A04653 /* DetailViewController */,
			);
			path = Controller;
			sourceTree = "<group>";
		};
		C967E0E31B60FC2C00A04653 /* Model */ = {
			isa = PBXGroup;
			children = (
				C967E0E41B60FC2C00A04653 /* ImagesModel.h */,
				C967E0E51B60FC2C00A04653 /* ImagesModel.m */,
				C967E0E61B60FC2C00A04653 /* NewsModel.h */,
				C967E0E71B60FC2C00A04653 /* NewsModel.m */,
				C967E0EA1B60FC2C00A04653 /* UserModel.h */,
				C967E0EB1B60FC2C00A04653 /* UserModel.m */,
				C967E0F01B61183000A04653 /* PersonalModel.h */,
				C967E0F11B61183000A04653 /* PersonalModel.m */,
			);
			path = Model;
			sourceTree = "<group>";
		};
		C967E0F41B61495C00A04653 /* Cell */ = {
			isa = PBXGroup;
			children = (
				C967E0C21B60FBAD00A04653 /* CommentCell.h */,
				C967E0C31B60FBAD00A04653 /* CommentCell.m */,
				C967E0C41B60FBAD00A04653 /* CommentCell.xib */,
				C967E0CA1B60FBAD00A04653 /* NewTableViewCell.h */,
				C967E0CB1B60FBAD00A04653 /* NewTableViewCell.m */,
				C967E0C91B60FBAD00A04653 /* NewCell.xib */,
			);
			name = Cell;
			sourceTree = "<group>";
		};
		C967E0F51B61499B00A04653 /* TabBarViewControllers */ = {
			isa = PBXGroup;
			children = (
				C967E0DA1B60FC0200A04653 /* NewsTableViewController.h */,
				C967E0DB1B60FC0200A04653 /* NewsTableViewController.m */,
				C967E0D61B60FC0200A04653 /* AppendViewController.h */,
				C967E0D71B60FC0200A04653 /* AppendViewController.m */,
			);
			name = TabBarViewControllers;
			sourceTree = "<group>";
		};
		C967E0F61B614A2000A04653 /* DetailViewController */ = {
			isa = PBXGroup;
			children = (
				C967E0D81B60FC0200A04653 /* NewsDetailViewController.h */,
				C967E0D91B60FC0200A04653 /* NewsDetailViewController.m */,
				C967E0D41B60FC0200A04653 /* AddNewsViewController.h */,
				C967E0D51B60FC0200A04653 /* AddNewsViewController.m */,
			);
			name = DetailViewController;
			sourceTree = "<group>";
		};
		C9D3F37B1B0B459900313035 = {
			isa = PBXGroup;
			children = (
				C9D3F4531B0B742200313035 /* libsqlite3.dylib */,
				C9D3F4211B0B681000313035 /* MyWeibo */,
				C9D3F3A01B0B459900313035 /* MyWeiboTests */,
				C9D3F3851B0B459900313035 /* Products */,
			);
			sourceTree = "<group>";
		};
		C9D3F3851B0B459900313035 /* Products */ = {
			isa = PBXGroup;
			children = (
				C9D3F3841B0B459900313035 /* MyWeibo.app */,
				C9D3F39D1B0B459900313035 /* MyWeiboTests.xctest */,
			);
			name = Products;
			sourceTree = "<group>";
		};
		C9D3F3A01B0B459900313035 /* MyWeiboTests */ = {
			isa = PBXGroup;
			children = (
				C9D3F3A31B0B459900313035 /* MyWeiboTests.m */,
				C9D3F3A11B0B459900313035 /* Supporting Files */,
			);
			path = MyWeiboTests;
			sourceTree = "<group>";
		};
		C9D3F3A11B0B459900313035 /* Supporting Files */ = {
			isa = PBXGroup;
			children = (
				C9D3F3A21B0B459900313035 /* Info.plist */,
			);
			name = "Supporting Files";
			sourceTree = "<group>";
		};
		C9D3F4211B0B681000313035 /* MyWeibo */ = {
			isa = PBXGroup;
			children = (
				C9D3F4221B0B681100313035 /* AppDelegate.h */,
				C9D3F4231B0B681100313035 /* AppDelegate.m */,
				C967E0E31B60FC2C00A04653 /* Model */,
				C967E0D31B60FC0200A04653 /* Controller */,
				C967E0C11B60FBAD00A04653 /* View */,
				C967E0801B60FB1800A04653 /* Utils */,
				C9D3F43D1B0B68C000313035 /* Supporting Files */,
			);
			path = MyWeibo;
			sourceTree = "<group>";
		};
		C9D3F43D1B0B68C000313035 /* Supporting Files */ = {
			isa = PBXGroup;
			children = (
				C9D3F4291B0B681100313035 /* Info.plist */,
				C9D3F43E1B0B68F500313035 /* main.m */,
			);
			name = "Supporting Files";
			sourceTree = "<group>";
		};
/* End PBXGroup section */

/* Begin PBXNativeTarget section */
		C9D3F3831B0B459900313035 /* MyWeibo */ = {
			isa = PBXNativeTarget;
			buildConfigurationList = C9D3F3A71B0B459900313035 /* Build configuration list for PBXNativeTarget "MyWeibo" */;
			buildPhases = (
				C9D3F3801B0B459900313035 /* Sources */,
				C9D3F3811B0B459900313035 /* Frameworks */,
				C9D3F3821B0B459900313035 /* Resources */,
			);
			buildRules = (
			);
			dependencies = (
			);
			name = MyWeibo;
			productName = MyWeibo;
			productReference = C9D3F3841B0B459900313035 /* MyWeibo.app */;
			productType = "com.apple.product-type.application";
		};
		C9D3F39C1B0B459900313035 /* MyWeiboTests */ = {
			isa = PBXNativeTarget;
			buildConfigurationList = C9D3F3AA1B0B459900313035 /* Build configuration list for PBXNativeTarget "MyWeiboTests" */;
			buildPhases = (
				C9D3F3991B0B459900313035 /* Sources */,
				C9D3F39A1B0B459900313035 /* Frameworks */,
				C9D3F39B1B0B459900313035 /* Resources */,
			);
			buildRules = (
			);
			dependencies = (
				C9D3F39F1B0B459900313035 /* PBXTargetDependency */,
			);
			name = MyWeiboTests;
			productName = MyWeiboTests;
			productReference = C9D3F39D1B0B459900313035 /* MyWeiboTests.xctest */;
			productType = "com.apple.product-type.bundle.unit-test";
		};
/* End PBXNativeTarget section */

/* Begin PBXProject section */
		C9D3F37C1B0B459900313035 /* Project object */ = {
			isa = PBXProject;
			attributes = {
				LastUpgradeCheck = 0610;
				ORGANIZATIONNAME = NJUPT;
				TargetAttributes = {
					C9D3F3831B0B459900313035 = {
						CreatedOnToolsVersion = 6.1.1;
					};
					C9D3F39C1B0B459900313035 = {
						CreatedOnToolsVersion = 6.1.1;
						TestTargetID = C9D3F3831B0B459900313035;
					};
				};
			};
			buildConfigurationList = C9D3F37F1B0B459900313035 /* Build configuration list for PBXProject "MyWeibo" */;
			compatibilityVersion = "Xcode 3.2";
			developmentRegion = English;
			hasScannedForEncodings = 0;
			knownRegions = (
				en,
				Base,
			);
			mainGroup = C9D3F37B1B0B459900313035;
			productRefGroup = C9D3F3851B0B459900313035 /* Products */;
			projectDirPath = "";
			projectRoot = "";
			targets = (
				C9D3F3831B0B459900313035 /* MyWeibo */,
				C9D3F39C1B0B459900313035 /* MyWeiboTests */,
			);
		};
/* End PBXProject section */

/* Begin PBXResourcesBuildPhase section */
		C9D3F3821B0B459900313035 /* Resources */ = {
			isa = PBXResourcesBuildPhase;
			buildActionMask = 2147483647;
			files = (
				C967E0CF1B60FBAD00A04653 /* LaunchScreen.xib in Resources */,
				C9F2E55C1B5991AF006DE9C1 /* Info.plist in Resources */,
				C967E0D11B60FBAD00A04653 /* NewCell.xib in Resources */,
				C967E0B91B60FB1800A04653 /* Images.xcassets in Resources */,
				C967E0D01B60FBAD00A04653 /* Main.storyboard in Resources */,
				C967E0BF1B60FB1800A04653 /* SVProgressHUD.bundle in Resources */,
				C967E0CD1B60FBAD00A04653 /* CommentCell.xib in Resources */,
			);
			runOnlyForDeploymentPostprocessing = 0;
		};
		C9D3F39B1B0B459900313035 /* Resources */ = {
			isa = PBXResourcesBuildPhase;
			buildActionMask = 2147483647;
			files = (
			);
			runOnlyForDeploymentPostprocessing = 0;
		};
/* End PBXResourcesBuildPhase section */

/* Begin PBXSourcesBuildPhase section */
		C9D3F3801B0B459900313035 /* Sources */ = {
			isa = PBXSourcesBuildPhase;
			buildActionMask = 2147483647;
			files = (
				C967E0B31B60FB1800A04653 /* DBManager.m in Sources */,
				C967E0BD1B60FB1800A04653 /* MyWeiboData.m in Sources */,
				C95EDCDE1B61DB5200A21A04 /* AddingImageView.m in Sources */,
				C967E0AE1B60FB1800A04653 /* NSDate+Assemble.m in Sources */,
				C967E0F21B61183000A04653 /* PersonalModel.m in Sources */,
				C967E0CE1B60FBAD00A04653 /* ImageScrollView.m in Sources */,
				C967E0B21B60FB1800A04653 /* UILabel+StringFrame.m in Sources */,
				C967E0B11B60FB1800A04653 /* UIImage+ImageFrame.m in Sources */,
				C967E0B81B60FB1800A04653 /* FMResultSet.m in Sources */,
				C967E0C01B60FB1800A04653 /* SVProgressHUD.m in Sources */,
				C967E0E21B60FC0200A04653 /* ViewController.m in Sources */,
				C967E0BE1B60FB1800A04653 /* SVIndefiniteAnimatedView.m in Sources */,
				C967E0ED1B60FC2C00A04653 /* NewsModel.m in Sources */,
				C967E0B41B60FB1800A04653 /* FMDatabase.m in Sources */,
				C9EC4D6F1B63E293007FEAB7 /* AddingTextView.m in Sources */,
				C967E0CC1B60FBAD00A04653 /* CommentCell.m in Sources */,
				C967E0B71B60FB1800A04653 /* FMDatabaseQueue.m in Sources */,
				C967E0B51B60FB1800A04653 /* FMDatabaseAdditions.m in Sources */,
				C967E0B01B60FB1800A04653 /* NSString+Format.m in Sources */,
				C967E0E01B60FC0200A04653 /* NewsDetailViewController.m in Sources */,
				C9D3F43F1B0B68F500313035 /* main.m in Sources */,
				C967E0EC1B60FC2C00A04653 /* ImagesModel.m in Sources */,
				C967E0B61B60FB1800A04653 /* FMDatabasePool.m in Sources */,
				C9D3F4331B0B681100313035 /* AppDelegate.m in Sources */,
				C967E0EF1B60FC2C00A04653 /* UserModel.m in Sources */,
				C967E0DE1B60FC0200A04653 /* AddNewsViewController.m in Sources */,
				C967E0BB1B60FB1800A04653 /* DocumentAccess.m in Sources */,
				C967E0BC1B60FB1800A04653 /* Random.m in Sources */,
				C967E0AF1B60FB1800A04653 /* NSDictionary+Assemble.m in Sources */,
				C967E0D21B60FBAD00A04653 /* NewTableViewCell.m in Sources */,
				C967E0DF1B60FC0200A04653 /* AppendViewController.m in Sources */,
				C967E0BA1B60FB1800A04653 /* InitialNews.m in Sources */,
				C967E0AD1B60FB1800A04653 /* NSArray+Assemble.m in Sources */,
				C967E0E11B60FC0200A04653 /* NewsTableViewController.m in Sources */,
			);
			runOnlyForDeploymentPostprocessing = 0;
		};
		C9D3F3991B0B459900313035 /* Sources */ = {
			isa = PBXSourcesBuildPhase;
			buildActionMask = 2147483647;
			files = (
				C9D3F3A41B0B459900313035 /* MyWeiboTests.m in Sources */,
			);
			runOnlyForDeploymentPostprocessing = 0;
		};
/* End PBXSourcesBuildPhase section */

/* Begin PBXTargetDependency section */
		C9D3F39F1B0B459900313035 /* PBXTargetDependency */ = {
			isa = PBXTargetDependency;
			target = C9D3F3831B0B459900313035 /* MyWeibo */;
			targetProxy = C9D3F39E1B0B459900313035 /* PBXContainerItemProxy */;
		};
/* End PBXTargetDependency section */

/* Begin XCBuildConfiguration section */
		C9D3F3A51B0B459900313035 /* Debug */ = {
			isa = XCBuildConfiguration;
			buildSettings = {
				ALWAYS_SEARCH_USER_PATHS = NO;
				CLANG_CXX_LANGUAGE_STANDARD = "gnu++0x";
				CLANG_CXX_LIBRARY = "libc++";
				CLANG_ENABLE_MODULES = YES;
				CLANG_ENABLE_OBJC_ARC = YES;
				CLANG_WARN_BOOL_CONVERSION = YES;
				CLANG_WARN_CONSTANT_CONVERSION = YES;
				CLANG_WARN_DIRECT_OBJC_ISA_USAGE = YES_ERROR;
				CLANG_WARN_EMPTY_BODY = YES;
				CLANG_WARN_ENUM_CONVERSION = YES;
				CLANG_WARN_INT_CONVERSION = YES;
				CLANG_WARN_OBJC_ROOT_CLASS = YES_ERROR;
				CLANG_WARN_UNREACHABLE_CODE = YES;
				CLANG_WARN__DUPLICATE_METHOD_MATCH = YES;
				"CODE_SIGN_IDENTITY[sdk=iphoneos*]" = "iPhone Developer";
				COPY_PHASE_STRIP = NO;
				ENABLE_STRICT_OBJC_MSGSEND = YES;
				GCC_C_LANGUAGE_STANDARD = gnu99;
				GCC_DYNAMIC_NO_PIC = NO;
				GCC_OPTIMIZATION_LEVEL = 0;
				GCC_PREPROCESSOR_DEFINITIONS = (
					"DEBUG=1",
					"$(inherited)",
				);
				GCC_SYMBOLS_PRIVATE_EXTERN = NO;
				GCC_WARN_64_TO_32_BIT_CONVERSION = YES;
				GCC_WARN_ABOUT_RETURN_TYPE = YES_ERROR;
				GCC_WARN_UNDECLARED_SELECTOR = YES;
				GCC_WARN_UNINITIALIZED_AUTOS = YES_AGGRESSIVE;
				GCC_WARN_UNUSED_FUNCTION = YES;
				GCC_WARN_UNUSED_VARIABLE = YES;
				IPHONEOS_DEPLOYMENT_TARGET = 8.1;
				MTL_ENABLE_DEBUG_INFO = YES;
				ONLY_ACTIVE_ARCH = YES;
				SDKROOT = iphoneos;
			};
			name = Debug;
		};
		C9D3F3A61B0B459900313035 /* Release */ = {
			isa = XCBuildConfiguration;
			buildSettings = {
				ALWAYS_SEARCH_USER_PATHS = NO;
				CLANG_CXX_LANGUAGE_STANDARD = "gnu++0x";
				CLANG_CXX_LIBRARY = "libc++";
				CLANG_ENABLE_MODULES = YES;
				CLANG_ENABLE_OBJC_ARC = YES;
				CLANG_WARN_BOOL_CONVERSION = YES;
				CLANG_WARN_CONSTANT_CONVERSION = YES;
				CLANG_WARN_DIRECT_OBJC_ISA_USAGE = YES_ERROR;
				CLANG_WARN_EMPTY_BODY = YES;
				CLANG_WARN_ENUM_CONVERSION = YES;
				CLANG_WARN_INT_CONVERSION = YES;
				CLANG_WARN_OBJC_ROOT_CLASS = YES_ERROR;
				CLANG_WARN_UNREACHABLE_CODE = YES;
				CLANG_WARN__DUPLICATE_METHOD_MATCH = YES;
				"CODE_SIGN_IDENTITY[sdk=iphoneos*]" = "iPhone Developer";
				COPY_PHASE_STRIP = YES;
				ENABLE_NS_ASSERTIONS = NO;
				ENABLE_STRICT_OBJC_MSGSEND = YES;
				GCC_C_LANGUAGE_STANDARD = gnu99;
				GCC_WARN_64_TO_32_BIT_CONVERSION = YES;
				GCC_WARN_ABOUT_RETURN_TYPE = YES_ERROR;
				GCC_WARN_UNDECLARED_SELECTOR = YES;
				GCC_WARN_UNINITIALIZED_AUTOS = YES_AGGRESSIVE;
				GCC_WARN_UNUSED_FUNCTION = YES;
				GCC_WARN_UNUSED_VARIABLE = YES;
				IPHONEOS_DEPLOYMENT_TARGET = 8.1;
				MTL_ENABLE_DEBUG_INFO = NO;
				SDKROOT = iphoneos;
				VALIDATE_PRODUCT = YES;
			};
			name = Release;
		};
		C9D3F3A81B0B459900313035 /* Debug */ = {
			isa = XCBuildConfiguration;
			buildSettings = {
				ASSETCATALOG_COMPILER_APPICON_NAME = AppIcon;
				INFOPLIST_FILE = MyWeibo/Info.plist;
				LD_RUNPATH_SEARCH_PATHS = "$(inherited) @executable_path/Frameworks";
				PRODUCT_NAME = "$(TARGET_NAME)";
			};
			name = Debug;
		};
		C9D3F3A91B0B459900313035 /* Release */ = {
			isa = XCBuildConfiguration;
			buildSettings = {
				ASSETCATALOG_COMPILER_APPICON_NAME = AppIcon;
				INFOPLIST_FILE = MyWeibo/Info.plist;
				LD_RUNPATH_SEARCH_PATHS = "$(inherited) @executable_path/Frameworks";
				PRODUCT_NAME = "$(TARGET_NAME)";
			};
			name = Release;
		};
		C9D3F3AB1B0B459900313035 /* Debug */ = {
			isa = XCBuildConfiguration;
			buildSettings = {
				BUNDLE_LOADER = "$(TEST_HOST)";
				FRAMEWORK_SEARCH_PATHS = (
					"$(SDKROOT)/Developer/Library/Frameworks",
					"$(inherited)",
				);
				GCC_PREPROCESSOR_DEFINITIONS = (
					"DEBUG=1",
					"$(inherited)",
				);
				INFOPLIST_FILE = MyWeiboTests/Info.plist;
				LD_RUNPATH_SEARCH_PATHS = "$(inherited) @executable_path/Frameworks @loader_path/Frameworks";
				PRODUCT_NAME = "$(TARGET_NAME)";
				TEST_HOST = "$(BUILT_PRODUCTS_DIR)/MyWeibo.app/MyWeibo";
			};
			name = Debug;
		};
		C9D3F3AC1B0B459900313035 /* Release */ = {
			isa = XCBuildConfiguration;
			buildSettings = {
				BUNDLE_LOADER = "$(TEST_HOST)";
				FRAMEWORK_SEARCH_PATHS = (
					"$(SDKROOT)/Developer/Library/Frameworks",
					"$(inherited)",
				);
				INFOPLIST_FILE = MyWeiboTests/Info.plist;
				LD_RUNPATH_SEARCH_PATHS = "$(inherited) @executable_path/Frameworks @loader_path/Frameworks";
				PRODUCT_NAME = "$(TARGET_NAME)";
				TEST_HOST = "$(BUILT_PRODUCTS_DIR)/MyWeibo.app/MyWeibo";
			};
			name = Release;
		};
/* End XCBuildConfiguration section */

/* Begin XCConfigurationList section */
		C9D3F37F1B0B459900313035 /* Build configuration list for PBXProject "MyWeibo" */ = {
			isa = XCConfigurationList;
			buildConfigurations = (
				C9D3F3A51B0B459900313035 /* Debug */,
				C9D3F3A61B0B459900313035 /* Release */,
			);
			defaultConfigurationIsVisible = 0;
			defaultConfigurationName = Release;
		};
		C9D3F3A71B0B459900313035 /* Build configuration list for PBXNativeTarget "MyWeibo" */ = {
			isa = XCConfigurationList;
			buildConfigurations = (
				C9D3F3A81B0B459900313035 /* Debug */,
				C9D3F3A91B0B459900313035 /* Release */,
			);
			defaultConfigurationIsVisible = 0;
			defaultConfigurationName = Release;
		};
		C9D3F3AA1B0B459900313035 /* Build configuration list for PBXNativeTarget "MyWeiboTests" */ = {
			isa = XCConfigurationList;
			buildConfigurations = (
				C9D3F3AB1B0B459900313035 /* Debug */,
				C9D3F3AC1B0B459900313035 /* Release */,
			);
			defaultConfigurationIsVisible = 0;
			defaultConfigurationName = Release;
		};
/* End XCConfigurationList section */
	};
	rootObject = C9D3F37C1B0B459900313035 /* Project object */;
}
